
Microsoft Visual Studio Solution File, Format Version 12.00
# Visual Studio Version 17
VisualStudioVersion = 17.2.32630.192
MinimumVisualStudioVersion = 10.0.40219.1
Project("{FAE04EC0-301F-11D3-BF4B-00C04F79EFBC}") = "MemmegerOneAPI", "MemmegerOneAPI\MemmegerOneAPI.csproj", "{770546C1-C682-441D-AA5B-EFFD053D1EB7}"
EndProject
Global
	GlobalSection(SolutionConfigurationPlatforms) = preSolution
		Debug|Any CPU = Debug|Any CPU
		Release|Any CPU = Release|Any CPU
	EndGlobalSection
	GlobalSection(ProjectConfigurationPlatforms) = postSolution
		{770546C1-C682-441D-AA5B-EFFD053D1EB7}.Debug|Any CPU.ActiveCfg = Debug|Any CPU
		{770546C1-C682-441D-AA5B-EFFD053D1EB7}.Debug|Any CPU.Build.0 = Debug|Any CPU
		{770546C1-C682-441D-AA5B-EFFD053D1EB7}.Release|Any CPU.ActiveCfg = Release|Any CPU
		{770546C1-C682-441D-AA5B-EFFD053D1EB7}.Release|Any CPU.Build.0 = Release|Any CPU
	EndGlobalSection
	GlobalSection(SolutionProperties) = preSolution
		HideSolutionNode = FALSE
	EndGlobalSection
	GlobalSection(ExtensibilityGlobals) = postSolution
		SolutionGuid = {6430AEEC-A6B4-4936-A52A-7442A3CB5DE1}
	EndGlobalSection
EndGlobal
